
Microsoft Visual Studio Solution File, Format Version 12.00
# Visual Studio Version 16
VisualStudioVersion = 16.0.31605.320
MinimumVisualStudioVersion = 10.0.40219.1
Project("{FAE04EC0-301F-11D3-BF4B-00C04F79EFBC}") = "UserRegistration", "UserRegistration\UserRegistration.csproj", "{B6A06F86-D8F0-4617-8AD0-0A63E54DACAA}"
EndProject
Global
	GlobalSection(SolutionConfigurationPlatforms) = preSolution
		Debug|Any CPU = Debug|Any CPU
		Release|Any CPU = Release|Any CPU
	EndGlobalSection
	GlobalSection(ProjectConfigurationPlatforms) = postSolution
		{B6A06F86-D8F0-4617-8AD0-0A63E54DACAA}.Debug|Any CPU.ActiveCfg = Debug|Any CPU
		{B6A06F86-D8F0-4617-8AD0-0A63E54DACAA}.Debug|Any CPU.Build.0 = Debug|Any CPU
		{B6A06F86-D8F0-4617-8AD0-0A63E54DACAA}.Release|Any CPU.ActiveCfg = Release|Any CPU
		{B6A06F86-D8F0-4617-8AD0-0A63E54DACAA}.Release|Any CPU.Build.0 = Release|Any CPU
	EndGlobalSection
	GlobalSection(SolutionProperties) = preSolution
		HideSolutionNode = FALSE
	EndGlobalSection
	GlobalSection(ExtensibilityGlobals) = postSolution
		SolutionGuid = {A8BB562F-3CAE-47B3-A28E-9A9D41B60A23}
	EndGlobalSection
EndGlobal
